{
  "name": "coco-republic-frontend",
  "version": "0.1.0",
  "lockfileVersion": 2,
  "requires": true,
  "packages": {
    "": {
      "name": "coco-republic-frontend",
      "version": "0.1.0",
      "dependencies": {
        "react": "^18.2.0",
        "react-dom": "^18.2.0",
        "vite": "^4.0.0",
        "@vitejs/plugin-react": "^4.0.0"
      }
    }
  }
}
